// !$*UTF8*$!
{
	archiveVersion = 1;
	classes = {
	};
	objectVersion = 46;
	objects = {

/* Begin PBXBuildFile section */
		82B57BFA9CE444F9ADF1B288 /* libPods.a in Frameworks */ = {isa = PBXBuildFile; fileRef = 277D3E90054646239BADBD20 /* libPods.a */; };
		892DF279197F744400BEBC9F /* Note+Helpers.m in Sources */ = {isa = PBXBuildFile; fileRef = 892DF278197F744400BEBC9F /* Note+Helpers.m */; };
		892DF28519802AC400BEBC9F /* NSDate+Utility.m in Sources */ = {isa = PBXBuildFile; fileRef = 892DF28419802AC400BEBC9F /* NSDate+Utility.m */; };
		892DF28E1980300500BEBC9F /* Note.m in Sources */ = {isa = PBXBuildFile; fileRef = 892DF28D1980300500BEBC9F /* Note.m */; };
		892DF2941980326600BEBC9F /* Day+Helpers.m in Sources */ = {isa = PBXBuildFile; fileRef = 892DF2931980326600BEBC9F /* Day+Helpers.m */; };
		892DF2961980409000BEBC9F /* Day.m in Sources */ = {isa = PBXBuildFile; fileRef = 892DF2901980300500BEBC9F /* Day.m */; };
		892DF299198050F100BEBC9F /* Day+OrderedSet.m in Sources */ = {isa = PBXBuildFile; fileRef = 892DF298198050F100BEBC9F /* Day+OrderedSet.m */; };
		897CAB8519809DAB0084C12E /* DLGEventHandler.m in Sources */ = {isa = PBXBuildFile; fileRef = 897CAB8419809DAB0084C12E /* DLGEventHandler.m */; };
		897CAB8A1980A50A0084C12E /* DLGInsertTests.m in Sources */ = {isa = PBXBuildFile; fileRef = 897CAB891980A50A0084C12E /* DLGInsertTests.m */; };
		89A82FEF197E09B000E3BDF3 /* Foundation.framework in Frameworks */ = {isa = PBXBuildFile; fileRef = 89A82FEE197E09B000E3BDF3 /* Foundation.framework */; };
		89A82FF1197E09B000E3BDF3 /* CoreGraphics.framework in Frameworks */ = {isa = PBXBuildFile; fileRef = 89A82FF0197E09B000E3BDF3 /* CoreGraphics.framework */; };
		89A82FF3197E09B000E3BDF3 /* UIKit.framework in Frameworks */ = {isa = PBXBuildFile; fileRef = 89A82FF2197E09B000E3BDF3 /* UIKit.framework */; };
		89A82FF9197E09B000E3BDF3 /* InfoPlist.strings in Resources */ = {isa = PBXBuildFile; fileRef = 89A82FF7197E09B000E3BDF3 /* InfoPlist.strings */; };
		89A82FFB197E09B000E3BDF3 /* main.m in Sources */ = {isa = PBXBuildFile; fileRef = 89A82FFA197E09B000E3BDF3 /* main.m */; };
		89A82FFF197E09B000E3BDF3 /* DLGAppDelegate.m in Sources */ = {isa = PBXBuildFile; fileRef = 89A82FFE197E09B000E3BDF3 /* DLGAppDelegate.m */; };
		89A83008197E09B000E3BDF3 /* DLGViewController.m in Sources */ = {isa = PBXBuildFile; fileRef = 89A83007197E09B000E3BDF3 /* DLGViewController.m */; };
		89A8300A197E09B000E3BDF3 /* Images.xcassets in Resources */ = {isa = PBXBuildFile; fileRef = 89A83009197E09B000E3BDF3 /* Images.xcassets */; };
		89A83011197E09B000E3BDF3 /* XCTest.framework in Frameworks */ = {isa = PBXBuildFile; fileRef = 89A83010197E09B000E3BDF3 /* XCTest.framework */; };
		89A83012197E09B000E3BDF3 /* Foundation.framework in Frameworks */ = {isa = PBXBuildFile; fileRef = 89A82FEE197E09B000E3BDF3 /* Foundation.framework */; };
		89A83013197E09B000E3BDF3 /* UIKit.framework in Frameworks */ = {isa = PBXBuildFile; fileRef = 89A82FF2197E09B000E3BDF3 /* UIKit.framework */; };
		89A8301B197E09B000E3BDF3 /* InfoPlist.strings in Resources */ = {isa = PBXBuildFile; fileRef = 89A83019197E09B000E3BDF3 /* InfoPlist.strings */; };
		89A8302E197EB72300E3BDF3 /* DLGCoreDataHelper.m in Sources */ = {isa = PBXBuildFile; fileRef = 89A8302D197EB72300E3BDF3 /* DLGCoreDataHelper.m */; };
		89A83034197EB82300E3BDF3 /* DLGModel.xcdatamodeld in Sources */ = {isa = PBXBuildFile; fileRef = 89A83032197EB82300E3BDF3 /* DLGModel.xcdatamodeld */; };
		89A8304E197ED5F900E3BDF3 /* DLGNavigationController.m in Sources */ = {isa = PBXBuildFile; fileRef = 89A8304D197ED5F900E3BDF3 /* DLGNavigationController.m */; };
		89A83051197EDA5F00E3BDF3 /* DLGCell.m in Sources */ = {isa = PBXBuildFile; fileRef = 89A83050197EDA5F00E3BDF3 /* DLGCell.m */; };
		89A83057197EE19200E3BDF3 /* DLGDateHeader.m in Sources */ = {isa = PBXBuildFile; fileRef = 89A83056197EE19200E3BDF3 /* DLGDateHeader.m */; };
		89A8305D197EE25B00E3BDF3 /* DLGDataStore.m in Sources */ = {isa = PBXBuildFile; fileRef = 89A8305C197EE25B00E3BDF3 /* DLGDataStore.m */; };
		89A83060197EE71300E3BDF3 /* DLGRouter.m in Sources */ = {isa = PBXBuildFile; fileRef = 89A8305F197EE71300E3BDF3 /* DLGRouter.m */; };
		89A83078197F404D00E3BDF3 /* DLGLayout.m in Sources */ = {isa = PBXBuildFile; fileRef = 89A83077197F404D00E3BDF3 /* DLGLayout.m */; };
/* End PBXBuildFile section */

/* Begin PBXContainerItemProxy section */
		89A83014197E09B000E3BDF3 /* PBXContainerItemProxy */ = {
			isa = PBXContainerItemProxy;
			containerPortal = 89A82FE3197E09B000E3BDF3 /* Project object */;
			proxyType = 1;
			remoteGlobalIDString = 89A82FEA197E09B000E3BDF3;
			remoteInfo = "Day Log";
		};
/* End PBXContainerItemProxy section */

/* Begin PBXFileReference section */
		277D3E90054646239BADBD20 /* libPods.a */ = {isa = PBXFileReference; explicitFileType = archive.ar; includeInIndex = 0; path = libPods.a; sourceTree = BUILT_PRODUCTS_DIR; };
		892DF277197F744400BEBC9F /* Note+Helpers.h */ = {isa = PBXFileReference; fileEncoding = 4; lastKnownFileType = sourcecode.c.h; path = "Note+Helpers.h"; sourceTree = "<group>"; };
		892DF278197F744400BEBC9F /* Note+Helpers.m */ = {isa = PBXFileReference; fileEncoding = 4; lastKnownFileType = sourcecode.c.objc; path = "Note+Helpers.m"; sourceTree = "<group>"; };
		892DF28319802AC400BEBC9F /* NSDate+Utility.h */ = {isa = PBXFileReference; fileEncoding = 4; lastKnownFileType = sourcecode.c.h; path = "NSDate+Utility.h"; sourceTree = "<group>"; };
		892DF28419802AC400BEBC9F /* NSDate+Utility.m */ = {isa = PBXFileReference; fileEncoding = 4; lastKnownFileType = sourcecode.c.objc; path = "NSDate+Utility.m"; sourceTree = "<group>"; };
		892DF28C1980300500BEBC9F /* Note.h */ = {isa = PBXFileReference; fileEncoding = 4; lastKnownFileType = sourcecode.c.h; path = Note.h; sourceTree = "<group>"; };
		892DF28D1980300500BEBC9F /* Note.m */ = {isa = PBXFileReference; fileEncoding = 4; lastKnownFileType = sourcecode.c.objc; path = Note.m; sourceTree = "<group>"; };
		892DF28F1980300500BEBC9F /* Day.h */ = {isa = PBXFileReference; fileEncoding = 4; lastKnownFileType = sourcecode.c.h; path = Day.h; sourceTree = "<group>"; };
		892DF2901980300500BEBC9F /* Day.m */ = {isa = PBXFileReference; fileEncoding = 4; lastKnownFileType = sourcecode.c.objc; path = Day.m; sourceTree = "<group>"; };
		892DF2921980326600BEBC9F /* Day+Helpers.h */ = {isa = PBXFileReference; fileEncoding = 4; lastKnownFileType = sourcecode.c.h; path = "Day+Helpers.h"; sourceTree = "<group>"; };
		892DF2931980326600BEBC9F /* Day+Helpers.m */ = {isa = PBXFileReference; fileEncoding = 4; lastKnownFileType = sourcecode.c.objc; path = "Day+Helpers.m"; sourceTree = "<group>"; };
		892DF297198050F100BEBC9F /* Day+OrderedSet.h */ = {isa = PBXFileReference; fileEncoding = 4; lastKnownFileType = sourcecode.c.h; path = "Day+OrderedSet.h"; sourceTree = "<group>"; };
		892DF298198050F100BEBC9F /* Day+OrderedSet.m */ = {isa = PBXFileReference; fileEncoding = 4; lastKnownFileType = sourcecode.c.objc; path = "Day+OrderedSet.m"; sourceTree = "<group>"; };
		897CAB8319809DAB0084C12E /* DLGEventHandler.h */ = {isa = PBXFileReference; fileEncoding = 4; lastKnownFileType = sourcecode.c.h; path = DLGEventHandler.h; sourceTree = "<group>"; };
		897CAB8419809DAB0084C12E /* DLGEventHandler.m */ = {isa = PBXFileReference; fileEncoding = 4; lastKnownFileType = sourcecode.c.objc; path = DLGEventHandler.m; sourceTree = "<group>"; };
		897CAB8619809F960084C12E /* DLGEventDelegate.h */ = {isa = PBXFileReference; lastKnownFileType = sourcecode.c.h; path = DLGEventDelegate.h; sourceTree = "<group>"; };
		897CAB891980A50A0084C12E /* DLGInsertTests.m */ = {isa = PBXFileReference; fileEncoding = 4; lastKnownFileType = sourcecode.c.objc; path = DLGInsertTests.m; sourceTree = "<group>"; };
		897CAB8B1980AED40084C12E /* DLGInterface.h */ = {isa = PBXFileReference; lastKnownFileType = sourcecode.c.h; path = DLGInterface.h; sourceTree = "<group>"; };
		89A82FEB197E09B000E3BDF3 /* Day Log.app */ = {isa = PBXFileReference; explicitFileType = wrapper.application; includeInIndex = 0; path = "Day Log.app"; sourceTree = BUILT_PRODUCTS_DIR; };
		89A82FEE197E09B000E3BDF3 /* Foundation.framework */ = {isa = PBXFileReference; lastKnownFileType = wrapper.framework; name = Foundation.framework; path = System/Library/Frameworks/Foundation.framework; sourceTree = SDKROOT; };
		89A82FF0197E09B000E3BDF3 /* CoreGraphics.framework */ = {isa = PBXFileReference; lastKnownFileType = wrapper.framework; name = CoreGraphics.framework; path = System/Library/Frameworks/CoreGraphics.framework; sourceTree = SDKROOT; };
		89A82FF2197E09B000E3BDF3 /* UIKit.framework */ = {isa = PBXFileReference; lastKnownFileType = wrapper.framework; name = UIKit.framework; path = System/Library/Frameworks/UIKit.framework; sourceTree = SDKROOT; };
		89A82FF6197E09B000E3BDF3 /* Day Log-Info.plist */ = {isa = PBXFileReference; lastKnownFileType = text.plist.xml; path = "Day Log-Info.plist"; sourceTree = "<group>"; };
		89A82FF8197E09B000E3BDF3 /* en */ = {isa = PBXFileReference; lastKnownFileType = text.plist.strings; name = en; path = en.lproj/InfoPlist.strings; sourceTree = "<group>"; };
		89A82FFA197E09B000E3BDF3 /* main.m */ = {isa = PBXFileReference; lastKnownFileType = sourcecode.c.objc; path = main.m; sourceTree = "<group>"; };
		89A82FFC197E09B000E3BDF3 /* Day Log-Prefix.pch */ = {isa = PBXFileReference; lastKnownFileType = sourcecode.c.h; path = "Day Log-Prefix.pch"; sourceTree = "<group>"; };
		89A82FFD197E09B000E3BDF3 /* DLGAppDelegate.h */ = {isa = PBXFileReference; lastKnownFileType = sourcecode.c.h; path = DLGAppDelegate.h; sourceTree = "<group>"; };
		89A82FFE197E09B000E3BDF3 /* DLGAppDelegate.m */ = {isa = PBXFileReference; lastKnownFileType = sourcecode.c.objc; path = DLGAppDelegate.m; sourceTree = "<group>"; };
		89A83006197E09B000E3BDF3 /* DLGViewController.h */ = {isa = PBXFileReference; lastKnownFileType = sourcecode.c.h; path = DLGViewController.h; sourceTree = "<group>"; };
		89A83007197E09B000E3BDF3 /* DLGViewController.m */ = {isa = PBXFileReference; lastKnownFileType = sourcecode.c.objc; path = DLGViewController.m; sourceTree = "<group>"; };
		89A83009197E09B000E3BDF3 /* Images.xcassets */ = {isa = PBXFileReference; lastKnownFileType = folder.assetcatalog; path = Images.xcassets; sourceTree = "<group>"; };
		89A8300F197E09B000E3BDF3 /* Day LogTests.xctest */ = {isa = PBXFileReference; explicitFileType = wrapper.cfbundle; includeInIndex = 0; path = "Day LogTests.xctest"; sourceTree = BUILT_PRODUCTS_DIR; };
		89A83010197E09B000E3BDF3 /* XCTest.framework */ = {isa = PBXFileReference; lastKnownFileType = wrapper.framework; name = XCTest.framework; path = Library/Frameworks/XCTest.framework; sourceTree = DEVELOPER_DIR; };
		89A83018197E09B000E3BDF3 /* Day LogTests-Info.plist */ = {isa = PBXFileReference; lastKnownFileType = text.plist.xml; path = "Day LogTests-Info.plist"; sourceTree = "<group>"; };
		89A8301A197E09B000E3BDF3 /* en */ = {isa = PBXFileReference; lastKnownFileType = text.plist.strings; name = en; path = en.lproj/InfoPlist.strings; sourceTree = "<group>"; };
		89A8302C197EB72300E3BDF3 /* DLGCoreDataHelper.h */ = {isa = PBXFileReference; fileEncoding = 4; lastKnownFileType = sourcecode.c.h; path = DLGCoreDataHelper.h; sourceTree = "<group>"; };
		89A8302D197EB72300E3BDF3 /* DLGCoreDataHelper.m */ = {isa = PBXFileReference; fileEncoding = 4; lastKnownFileType = sourcecode.c.objc; path = DLGCoreDataHelper.m; sourceTree = "<group>"; };
		89A83033197EB82300E3BDF3 /* DLGModel.xcdatamodel */ = {isa = PBXFileReference; lastKnownFileType = wrapper.xcdatamodel; path = DLGModel.xcdatamodel; sourceTree = "<group>"; };
		89A8304C197ED5F900E3BDF3 /* DLGNavigationController.h */ = {isa = PBXFileReference; fileEncoding = 4; lastKnownFileType = sourcecode.c.h; path = DLGNavigationController.h; sourceTree = "<group>"; };
		89A8304D197ED5F900E3BDF3 /* DLGNavigationController.m */ = {isa = PBXFileReference; fileEncoding = 4; lastKnownFileType = sourcecode.c.objc; path = DLGNavigationController.m; sourceTree = "<group>"; };
		89A8304F197EDA5F00E3BDF3 /* DLGCell.h */ = {isa = PBXFileReference; fileEncoding = 4; lastKnownFileType = sourcecode.c.h; path = DLGCell.h; sourceTree = "<group>"; };
		89A83050197EDA5F00E3BDF3 /* DLGCell.m */ = {isa = PBXFileReference; fileEncoding = 4; lastKnownFileType = sourcecode.c.objc; path = DLGCell.m; sourceTree = "<group>"; };
		89A83055197EE19200E3BDF3 /* DLGDateHeader.h */ = {isa = PBXFileReference; fileEncoding = 4; lastKnownFileType = sourcecode.c.h; path = DLGDateHeader.h; sourceTree = "<group>"; };
		89A83056197EE19200E3BDF3 /* DLGDateHeader.m */ = {isa = PBXFileReference; fileEncoding = 4; lastKnownFileType = sourcecode.c.objc; path = DLGDateHeader.m; sourceTree = "<group>"; };
		89A8305B197EE25B00E3BDF3 /* DLGDataStore.h */ = {isa = PBXFileReference; fileEncoding = 4; lastKnownFileType = sourcecode.c.h; path = DLGDataStore.h; sourceTree = "<group>"; };
		89A8305C197EE25B00E3BDF3 /* DLGDataStore.m */ = {isa = PBXFileReference; fileEncoding = 4; lastKnownFileType = sourcecode.c.objc; path = DLGDataStore.m; sourceTree = "<group>"; };
		89A8305E197EE71300E3BDF3 /* DLGRouter.h */ = {isa = PBXFileReference; fileEncoding = 4; lastKnownFileType = sourcecode.c.h; path = DLGRouter.h; sourceTree = "<group>"; };
		89A8305F197EE71300E3BDF3 /* DLGRouter.m */ = {isa = PBXFileReference; fileEncoding = 4; lastKnownFileType = sourcecode.c.objc; path = DLGRouter.m; sourceTree = "<group>"; };
		89A83074197F1C9100E3BDF3 /* DLGViewModel.h */ = {isa = PBXFileReference; lastKnownFileType = sourcecode.c.h; path = DLGViewModel.h; sourceTree = "<group>"; };
		89A83076197F404D00E3BDF3 /* DLGLayout.h */ = {isa = PBXFileReference; fileEncoding = 4; lastKnownFileType = sourcecode.c.h; path = DLGLayout.h; sourceTree = "<group>"; };
		89A83077197F404D00E3BDF3 /* DLGLayout.m */ = {isa = PBXFileReference; fileEncoding = 4; lastKnownFileType = sourcecode.c.objc; path = DLGLayout.m; sourceTree = "<group>"; };
		A03A3460CB4C474FA44536FD /* Pods.xcconfig */ = {isa = PBXFileReference; includeInIndex = 1; lastKnownFileType = text.xcconfig; name = Pods.xcconfig; path = Pods/Pods.xcconfig; sourceTree = "<group>"; };
/* End PBXFileReference section */

/* Begin PBXFrameworksBuildPhase section */
		89A82FE8197E09B000E3BDF3 /* Frameworks */ = {
			isa = PBXFrameworksBuildPhase;
			buildActionMask = 2147483647;
			files = (
				89A82FF1197E09B000E3BDF3 /* CoreGraphics.framework in Frameworks */,
				89A82FF3197E09B000E3BDF3 /* UIKit.framework in Frameworks */,
				89A82FEF197E09B000E3BDF3 /* Foundation.framework in Frameworks */,
				82B57BFA9CE444F9ADF1B288 /* libPods.a in Frameworks */,
			);
			runOnlyForDeploymentPostprocessing = 0;
		};
		89A8300C197E09B000E3BDF3 /* Frameworks */ = {
			isa = PBXFrameworksBuildPhase;
			buildActionMask = 2147483647;
			files = (
				89A83011197E09B000E3BDF3 /* XCTest.framework in Frameworks */,
				89A83013197E09B000E3BDF3 /* UIKit.framework in Frameworks */,
				89A83012197E09B000E3BDF3 /* Foundation.framework in Frameworks */,
			);
			runOnlyForDeploymentPostprocessing = 0;
		};
/* End PBXFrameworksBuildPhase section */

/* Begin PBXGroup section */
		89A82FE2197E09B000E3BDF3 = {
			isa = PBXGroup;
			children = (
				89A82FF4197E09B000E3BDF3 /* Day Log */,
				89A83016197E09B000E3BDF3 /* Day LogTests */,
				89A82FED197E09B000E3BDF3 /* Frameworks */,
				89A82FEC197E09B000E3BDF3 /* Products */,
				A03A3460CB4C474FA44536FD /* Pods.xcconfig */,
			);
			sourceTree = "<group>";
		};
		89A82FEC197E09B000E3BDF3 /* Products */ = {
			isa = PBXGroup;
			children = (
				89A82FEB197E09B000E3BDF3 /* Day Log.app */,
				89A8300F197E09B000E3BDF3 /* Day LogTests.xctest */,
			);
			name = Products;
			sourceTree = "<group>";
		};
		89A82FED197E09B000E3BDF3 /* Frameworks */ = {
			isa = PBXGroup;
			children = (
				89A82FEE197E09B000E3BDF3 /* Foundation.framework */,
				89A82FF0197E09B000E3BDF3 /* CoreGraphics.framework */,
				89A82FF2197E09B000E3BDF3 /* UIKit.framework */,
				89A83010197E09B000E3BDF3 /* XCTest.framework */,
				277D3E90054646239BADBD20 /* libPods.a */,
			);
			name = Frameworks;
			sourceTree = "<group>";
		};
		89A82FF4197E09B000E3BDF3 /* Day Log */ = {
			isa = PBXGroup;
			children = (
				89A82FFD197E09B000E3BDF3 /* DLGAppDelegate.h */,
				89A82FFE197E09B000E3BDF3 /* DLGAppDelegate.m */,
				89A8305E197EE71300E3BDF3 /* DLGRouter.h */,
				89A8305F197EE71300E3BDF3 /* DLGRouter.m */,
				89A8304C197ED5F900E3BDF3 /* DLGNavigationController.h */,
				89A8304D197ED5F900E3BDF3 /* DLGNavigationController.m */,
				89A83048197EC7CB00E3BDF3 /* Views */,
				89A83047197EC7C200E3BDF3 /* Data */,
				89A83009197E09B000E3BDF3 /* Images.xcassets */,
				89A82FF5197E09B000E3BDF3 /* Supporting Files */,
			);
			path = "Day Log";
			sourceTree = "<group>";
		};
		89A82FF5197E09B000E3BDF3 /* Supporting Files */ = {
			isa = PBXGroup;
			children = (
				89A82FF6197E09B000E3BDF3 /* Day Log-Info.plist */,
				89A82FF7197E09B000E3BDF3 /* InfoPlist.strings */,
				89A82FFA197E09B000E3BDF3 /* main.m */,
				89A82FFC197E09B000E3BDF3 /* Day Log-Prefix.pch */,
			);
			name = "Supporting Files";
			sourceTree = "<group>";
		};
		89A83016197E09B000E3BDF3 /* Day LogTests */ = {
			isa = PBXGroup;
			children = (
				897CAB891980A50A0084C12E /* DLGInsertTests.m */,
				89A83017197E09B000E3BDF3 /* Supporting Files */,
			);
			path = "Day LogTests";
			sourceTree = "<group>";
		};
		89A83017197E09B000E3BDF3 /* Supporting Files */ = {
			isa = PBXGroup;
			children = (
				89A83018197E09B000E3BDF3 /* Day LogTests-Info.plist */,
				89A83019197E09B000E3BDF3 /* InfoPlist.strings */,
			);
			name = "Supporting Files";
			sourceTree = "<group>";
		};
		89A83047197EC7C200E3BDF3 /* Data */ = {
			isa = PBXGroup;
			children = (
				89A8305B197EE25B00E3BDF3 /* DLGDataStore.h */,
				89A8305C197EE25B00E3BDF3 /* DLGDataStore.m */,
				89A8302C197EB72300E3BDF3 /* DLGCoreDataHelper.h */,
				89A8302D197EB72300E3BDF3 /* DLGCoreDataHelper.m */,
				892DF2921980326600BEBC9F /* Day+Helpers.h */,
				892DF2931980326600BEBC9F /* Day+Helpers.m */,
				892DF297198050F100BEBC9F /* Day+OrderedSet.h */,
				892DF298198050F100BEBC9F /* Day+OrderedSet.m */,
				892DF277197F744400BEBC9F /* Note+Helpers.h */,
				892DF278197F744400BEBC9F /* Note+Helpers.m */,
				892DF28C1980300500BEBC9F /* Note.h */,
				892DF28D1980300500BEBC9F /* Note.m */,
				892DF28F1980300500BEBC9F /* Day.h */,
				892DF2901980300500BEBC9F /* Day.m */,
				89A83032197EB82300E3BDF3 /* DLGModel.xcdatamodeld */,
				892DF28319802AC400BEBC9F /* NSDate+Utility.h */,
				892DF28419802AC400BEBC9F /* NSDate+Utility.m */,
			);
			name = Data;
			sourceTree = "<group>";
		};
		89A83048197EC7CB00E3BDF3 /* Views */ = {
			isa = PBXGroup;
			children = (
				89A83074197F1C9100E3BDF3 /* DLGViewModel.h */,
				897CAB8B1980AED40084C12E /* DLGInterface.h */,
				897CAB8619809F960084C12E /* DLGEventDelegate.h */,
				89A83006197E09B000E3BDF3 /* DLGViewController.h */,
				89A83007197E09B000E3BDF3 /* DLGViewController.m */,
				897CAB8319809DAB0084C12E /* DLGEventHandler.h */,
				897CAB8419809DAB0084C12E /* DLGEventHandler.m */,
				89A83076197F404D00E3BDF3 /* DLGLayout.h */,
				89A83077197F404D00E3BDF3 /* DLGLayout.m */,
				89A8304F197EDA5F00E3BDF3 /* DLGCell.h */,
				89A83050197EDA5F00E3BDF3 /* DLGCell.m */,
				89A83055197EE19200E3BDF3 /* DLGDateHeader.h */,
				89A83056197EE19200E3BDF3 /* DLGDateHeader.m */,
			);
			name = Views;
			sourceTree = "<group>";
		};
/* End PBXGroup section */

/* Begin PBXNativeTarget section */
		89A82FEA197E09B000E3BDF3 /* Day Log */ = {
			isa = PBXNativeTarget;
			buildConfigurationList = 89A83020197E09B000E3BDF3 /* Build configuration list for PBXNativeTarget "Day Log" */;
			buildPhases = (
				52A62B9043CD4735ADD72E01 /* Check Pods Manifest.lock */,
				89A82FE7197E09B000E3BDF3 /* Sources */,
				89A82FE8197E09B000E3BDF3 /* Frameworks */,
				89A82FE9197E09B000E3BDF3 /* Resources */,
				D84400141EB2444FB3073799 /* Copy Pods Resources */,
			);
			buildRules = (
			);
			dependencies = (
			);
			name = "Day Log";
			productName = "Day Log";
			productReference = 89A82FEB197E09B000E3BDF3 /* Day Log.app */;
			productType = "com.apple.product-type.application";
		};
		89A8300E197E09B000E3BDF3 /* Day LogTests */ = {
			isa = PBXNativeTarget;
			buildConfigurationList = 89A83023197E09B000E3BDF3 /* Build configuration list for PBXNativeTarget "Day LogTests" */;
			buildPhases = (
				89A8300B197E09B000E3BDF3 /* Sources */,
				89A8300C197E09B000E3BDF3 /* Frameworks */,
				89A8300D197E09B000E3BDF3 /* Resources */,
			);
			buildRules = (
			);
			dependencies = (
				89A83015197E09B000E3BDF3 /* PBXTargetDependency */,
			);
			name = "Day LogTests";
			productName = "Day LogTests";
			productReference = 89A8300F197E09B000E3BDF3 /* Day LogTests.xctest */;
			productType = "com.apple.product-type.bundle.unit-test";
		};
/* End PBXNativeTarget section */

/* Begin PBXProject section */
		89A82FE3197E09B000E3BDF3 /* Project object */ = {
			isa = PBXProject;
			attributes = {
				CLASSPREFIX = DLG;
				LastUpgradeCheck = 0510;
				ORGANIZATIONNAME = "dolodev LLC";
				TargetAttributes = {
					89A8300E197E09B000E3BDF3 = {
						TestTargetID = 89A82FEA197E09B000E3BDF3;
					};
				};
			};
			buildConfigurationList = 89A82FE6197E09B000E3BDF3 /* Build configuration list for PBXProject "Day Log" */;
			compatibilityVersion = "Xcode 3.2";
			developmentRegion = English;
			hasScannedForEncodings = 0;
			knownRegions = (
				en,
				Base,
			);
			mainGroup = 89A82FE2197E09B000E3BDF3;
			productRefGroup = 89A82FEC197E09B000E3BDF3 /* Products */;
			projectDirPath = "";
			projectRoot = "";
			targets = (
				89A82FEA197E09B000E3BDF3 /* Day Log */,
				89A8300E197E09B000E3BDF3 /* Day LogTests */,
			);
		};
/* End PBXProject section */

/* Begin PBXResourcesBuildPhase section */
		89A82FE9197E09B000E3BDF3 /* Resources */ = {
			isa = PBXResourcesBuildPhase;
			buildActionMask = 2147483647;
			files = (
				89A8300A197E09B000E3BDF3 /* Images.xcassets in Resources */,
				89A82FF9197E09B000E3BDF3 /* InfoPlist.strings in Resources */,
			);
			runOnlyForDeploymentPostprocessing = 0;
		};
		89A8300D197E09B000E3BDF3 /* Resources */ = {
			isa = PBXResourcesBuildPhase;
			buildActionMask = 2147483647;
			files = (
				89A8301B197E09B000E3BDF3 /* InfoPlist.strings in Resources */,
			);
			runOnlyForDeploymentPostprocessing = 0;
		};
/* End PBXResourcesBuildPhase section */

/* Begin PBXShellScriptBuildPhase section */
		52A62B9043CD4735ADD72E01 /* Check Pods Manifest.lock */ = {
			isa = PBXShellScriptBuildPhase;
			buildActionMask = 2147483647;
			files = (
			);
			inputPaths = (
			);
			name = "Check Pods Manifest.lock";
			outputPaths = (
			);
			runOnlyForDeploymentPostprocessing = 0;
			shellPath = /bin/sh;
			shellScript = "diff \"${PODS_ROOT}/../Podfile.lock\" \"${PODS_ROOT}/Manifest.lock\" > /dev/null\nif [[ $? != 0 ]] ; then\n    cat << EOM\nerror: The sandbox is not in sync with the Podfile.lock. Run 'pod install' or update your CocoaPods installation.\nEOM\n    exit 1\nfi\n";
			showEnvVarsInLog = 0;
		};
		D84400141EB2444FB3073799 /* Copy Pods Resources */ = {
			isa = PBXShellScriptBuildPhase;
			buildActionMask = 2147483647;
			files = (
			);
			inputPaths = (
			);
			name = "Copy Pods Resources";
			outputPaths = (
			);
			runOnlyForDeploymentPostprocessing = 0;
			shellPath = /bin/sh;
			shellScript = "\"${SRCROOT}/Pods/Pods-resources.sh\"\n";
			showEnvVarsInLog = 0;
		};
/* End PBXShellScriptBuildPhase section */

/* Begin PBXSourcesBuildPhase section */
		89A82FE7197E09B000E3BDF3 /* Sources */ = {
			isa = PBXSourcesBuildPhase;
			buildActionMask = 2147483647;
			files = (
				892DF2961980409000BEBC9F /* Day.m in Sources */,
				892DF299198050F100BEBC9F /* Day+OrderedSet.m in Sources */,
				892DF2941980326600BEBC9F /* Day+Helpers.m in Sources */,
				89A8305D197EE25B00E3BDF3 /* DLGDataStore.m in Sources */,
				89A83078197F404D00E3BDF3 /* DLGLayout.m in Sources */,
				89A83008197E09B000E3BDF3 /* DLGViewController.m in Sources */,
				89A83057197EE19200E3BDF3 /* DLGDateHeader.m in Sources */,
				89A8304E197ED5F900E3BDF3 /* DLGNavigationController.m in Sources */,
				89A83034197EB82300E3BDF3 /* DLGModel.xcdatamodeld in Sources */,
				892DF28E1980300500BEBC9F /* Note.m in Sources */,
				892DF28519802AC400BEBC9F /* NSDate+Utility.m in Sources */,
				897CAB8519809DAB0084C12E /* DLGEventHandler.m in Sources */,
				89A82FFF197E09B000E3BDF3 /* DLGAppDelegate.m in Sources */,
				89A82FFB197E09B000E3BDF3 /* main.m in Sources */,
				89A83051197EDA5F00E3BDF3 /* DLGCell.m in Sources */,
				892DF279197F744400BEBC9F /* Note+Helpers.m in Sources */,
				89A8302E197EB72300E3BDF3 /* DLGCoreDataHelper.m in Sources */,
				89A83060197EE71300E3BDF3 /* DLGRouter.m in Sources */,
			);
			runOnlyForDeploymentPostprocessing = 0;
		};
		89A8300B197E09B000E3BDF3 /* Sources */ = {
			isa = PBXSourcesBuildPhase;
			buildActionMask = 2147483647;
			files = (
				897CAB8A1980A50A0084C12E /* DLGInsertTests.m in Sources */,
			);
			runOnlyForDeploymentPostprocessing = 0;
		};
/* End PBXSourcesBuildPhase section */

/* Begin PBXTargetDependency section */
		89A83015197E09B000E3BDF3 /* PBXTargetDependency */ = {
			isa = PBXTargetDependency;
			target = 89A82FEA197E09B000E3BDF3 /* Day Log */;
			targetProxy = 89A83014197E09B000E3BDF3 /* PBXContainerItemProxy */;
		};
/* End PBXTargetDependency section */

/* Begin PBXVariantGroup section */
		89A82FF7197E09B000E3BDF3 /* InfoPlist.strings */ = {
			isa = PBXVariantGroup;
			children = (
				89A82FF8197E09B000E3BDF3 /* en */,
			);
			name = InfoPlist.strings;
			sourceTree = "<group>";
		};
		89A83019197E09B000E3BDF3 /* InfoPlist.strings */ = {
			isa = PBXVariantGroup;
			children = (
				89A8301A197E09B000E3BDF3 /* en */,
			);
			name = InfoPlist.strings;
			sourceTree = "<group>";
		};
/* End PBXVariantGroup section */

/* Begin XCBuildConfiguration section */
		89A8301E197E09B000E3BDF3 /* Debug */ = {
			isa = XCBuildConfiguration;
			buildSettings = {
				ALWAYS_SEARCH_USER_PATHS = NO;
				CLANG_CXX_LANGUAGE_STANDARD = "gnu++0x";
				CLANG_CXX_LIBRARY = "libc++";
				CLANG_ENABLE_MODULES = YES;
				CLANG_ENABLE_OBJC_ARC = YES;
				CLANG_WARN_BOOL_CONVERSION = YES;
				CLANG_WARN_CONSTANT_CONVERSION = YES;
				CLANG_WARN_DIRECT_OBJC_ISA_USAGE = YES_ERROR;
				CLANG_WARN_EMPTY_BODY = YES;
				CLANG_WARN_ENUM_CONVERSION = YES;
				CLANG_WARN_INT_CONVERSION = YES;
				CLANG_WARN_OBJC_ROOT_CLASS = YES_ERROR;
				CLANG_WARN__DUPLICATE_METHOD_MATCH = YES;
				"CODE_SIGN_IDENTITY[sdk=iphoneos*]" = "iPhone Developer";
				COPY_PHASE_STRIP = NO;
				GCC_C_LANGUAGE_STANDARD = gnu99;
				GCC_DYNAMIC_NO_PIC = NO;
				GCC_OPTIMIZATION_LEVEL = 0;
				GCC_PREPROCESSOR_DEFINITIONS = (
					"DEBUG=1",
					"$(inherited)",
				);
				GCC_SYMBOLS_PRIVATE_EXTERN = NO;
				GCC_WARN_64_TO_32_BIT_CONVERSION = YES;
				GCC_WARN_ABOUT_RETURN_TYPE = YES_ERROR;
				GCC_WARN_UNDECLARED_SELECTOR = YES;
				GCC_WARN_UNINITIALIZED_AUTOS = YES_AGGRESSIVE;
				GCC_WARN_UNUSED_FUNCTION = YES;
				GCC_WARN_UNUSED_VARIABLE = YES;
				IPHONEOS_DEPLOYMENT_TARGET = 7.1;
				ONLY_ACTIVE_ARCH = YES;
				SDKROOT = iphoneos;
				TARGETED_DEVICE_FAMILY = "1,2";
			};
			name = Debug;
		};
		89A8301F197E09B000E3BDF3 /* Release */ = {
			isa = XCBuildConfiguration;
			buildSettings = {
				ALWAYS_SEARCH_USER_PATHS = NO;
				CLANG_CXX_LANGUAGE_STANDARD = "gnu++0x";
				CLANG_CXX_LIBRARY = "libc++";
				CLANG_ENABLE_MODULES = YES;
				CLANG_ENABLE_OBJC_ARC = YES;
				CLANG_WARN_BOOL_CONVERSION = YES;
				CLANG_WARN_CONSTANT_CONVERSION = YES;
				CLANG_WARN_DIRECT_OBJC_ISA_USAGE = YES_ERROR;
				CLANG_WARN_EMPTY_BODY = YES;
				CLANG_WARN_ENUM_CONVERSION = YES;
				CLANG_WARN_INT_CONVERSION = YES;
				CLANG_WARN_OBJC_ROOT_CLASS = YES_ERROR;
				CLANG_WARN__DUPLICATE_METHOD_MATCH = YES;
				"CODE_SIGN_IDENTITY[sdk=iphoneos*]" = "iPhone Developer";
				COPY_PHASE_STRIP = YES;
				ENABLE_NS_ASSERTIONS = NO;
				GCC_C_LANGUAGE_STANDARD = gnu99;
				GCC_WARN_64_TO_32_BIT_CONVERSION = YES;
				GCC_WARN_ABOUT_RETURN_TYPE = YES_ERROR;
				GCC_WARN_UNDECLARED_SELECTOR = YES;
				GCC_WARN_UNINITIALIZED_AUTOS = YES_AGGRESSIVE;
				GCC_WARN_UNUSED_FUNCTION = YES;
				GCC_WARN_UNUSED_VARIABLE = YES;
				IPHONEOS_DEPLOYMENT_TARGET = 7.1;
				SDKROOT = iphoneos;
				TARGETED_DEVICE_FAMILY = "1,2";
				VALIDATE_PRODUCT = YES;
			};
			name = Release;
		};
		89A83021197E09B000E3BDF3 /* Debug */ = {
			isa = XCBuildConfiguration;
			baseConfigurationReference = A03A3460CB4C474FA44536FD /* Pods.xcconfig */;
			buildSettings = {
				ASSETCATALOG_COMPILER_APPICON_NAME = AppIcon;
				ASSETCATALOG_COMPILER_LAUNCHIMAGE_NAME = LaunchImage;
				GCC_PRECOMPILE_PREFIX_HEADER = YES;
				GCC_PREFIX_HEADER = "Day Log/Day Log-Prefix.pch";
				INFOPLIST_FILE = "Day Log/Day Log-Info.plist";
				PRODUCT_NAME = "$(TARGET_NAME)";
				WRAPPER_EXTENSION = app;
			};
			name = Debug;
		};
		89A83022197E09B000E3BDF3 /* Release */ = {
			isa = XCBuildConfiguration;
			baseConfigurationReference = A03A3460CB4C474FA44536FD /* Pods.xcconfig */;
			buildSettings = {
				ASSETCATALOG_COMPILER_APPICON_NAME = AppIcon;
				ASSETCATALOG_COMPILER_LAUNCHIMAGE_NAME = LaunchImage;
				GCC_PRECOMPILE_PREFIX_HEADER = YES;
				GCC_PREFIX_HEADER = "Day Log/Day Log-Prefix.pch";
				INFOPLIST_FILE = "Day Log/Day Log-Info.plist";
				PRODUCT_NAME = "$(TARGET_NAME)";
				WRAPPER_EXTENSION = app;
			};
			name = Release;
		};
		89A83024197E09B000E3BDF3 /* Debug */ = {
			isa = XCBuildConfiguration;
			buildSettings = {
				BUNDLE_LOADER = "$(BUILT_PRODUCTS_DIR)/Day Log.app/Day Log";
				FRAMEWORK_SEARCH_PATHS = (
					"$(SDKROOT)/Developer/Library/Frameworks",
					"$(inherited)",
					"$(DEVELOPER_FRAMEWORKS_DIR)",
				);
				GCC_PRECOMPILE_PREFIX_HEADER = YES;
				GCC_PREFIX_HEADER = "Day Log/Day Log-Prefix.pch";
				GCC_PREPROCESSOR_DEFINITIONS = (
					"DEBUG=1",
					"$(inherited)",
				);
				INFOPLIST_FILE = "Day LogTests/Day LogTests-Info.plist";
				PRODUCT_NAME = "$(TARGET_NAME)";
				TEST_HOST = "$(BUNDLE_LOADER)";
				WRAPPER_EXTENSION = xctest;
			};
			name = Debug;
		};
		89A83025197E09B000E3BDF3 /* Release */ = {
			isa = XCBuildConfiguration;
			buildSettings = {
				BUNDLE_LOADER = "$(BUILT_PRODUCTS_DIR)/Day Log.app/Day Log";
				FRAMEWORK_SEARCH_PATHS = (
					"$(SDKROOT)/Developer/Library/Frameworks",
					"$(inherited)",
					"$(DEVELOPER_FRAMEWORKS_DIR)",
				);
				GCC_PRECOMPILE_PREFIX_HEADER = YES;
				GCC_PREFIX_HEADER = "Day Log/Day Log-Prefix.pch";
				INFOPLIST_FILE = "Day LogTests/Day LogTests-Info.plist";
				PRODUCT_NAME = "$(TARGET_NAME)";
				TEST_HOST = "$(BUNDLE_LOADER)";
				WRAPPER_EXTENSION = xctest;
			};
			name = Release;
		};
/* End XCBuildConfiguration section */

/* Begin XCConfigurationList section */
		89A82FE6197E09B000E3BDF3 /* Build configuration list for PBXProject "Day Log" */ = {
			isa = XCConfigurationList;
			buildConfigurations = (
				89A8301E197E09B000E3BDF3 /* Debug */,
				89A8301F197E09B000E3BDF3 /* Release */,
			);
			defaultConfigurationIsVisible = 0;
			defaultConfigurationName = Release;
		};
		89A83020197E09B000E3BDF3 /* Build configuration list for PBXNativeTarget "Day Log" */ = {
			isa = XCConfigurationList;
			buildConfigurations = (
				89A83021197E09B000E3BDF3 /* Debug */,
				89A83022197E09B000E3BDF3 /* Release */,
			);
			defaultConfigurationIsVisible = 0;
			defaultConfigurationName = Release;
		};
		89A83023197E09B000E3BDF3 /* Build configuration list for PBXNativeTarget "Day LogTests" */ = {
			isa = XCConfigurationList;
			buildConfigurations = (
				89A83024197E09B000E3BDF3 /* Debug */,
				89A83025197E09B000E3BDF3 /* Release */,
			);
			defaultConfigurationIsVisible = 0;
			defaultConfigurationName = Release;
		};
/* End XCConfigurationList section */

/* Begin XCVersionGroup section */
		89A83032197EB82300E3BDF3 /* DLGModel.xcdatamodeld */ = {
			isa = XCVersionGroup;
			children = (
				89A83033197EB82300E3BDF3 /* DLGModel.xcdatamodel */,
			);
			currentVersion = 89A83033197EB82300E3BDF3 /* DLGModel.xcdatamodel */;
			path = DLGModel.xcdatamodeld;
			sourceTree = "<group>";
			versionGroupType = wrapper.xcdatamodel;
		};
/* End XCVersionGroup section */
	};
	rootObject = 89A82FE3197E09B000E3BDF3 /* Project object */;
}
